# This file is automatically @generated by Cargo.
# It is not intended for manual editing.
version = 4

[[package]]
name = "pixelab-core"
version = "0.1.0"
source = "registry+https://github.com/rust-lang/crates.io-index"
checksum = "21bab2a4e73517af3d2931649040654af92a67a98b65ce89ccebe8736f67fbee"

[[package]]
name = "pixelab-rgb8888x1"
version = "0.1.0"
dependencies = [
 "pixelab-core",
]
